{
    "name": "skynode-totaljs-nosql",
    "version": "1.0.0",
    "lockfileVersion": 1,
    "requires": true,
    "dependencies": {
        "skynode-totaljs-graphics": {
            "version": "git+https://github.com/skynode-integration/skynode-totaljs-graphics.git#7c9736fed08ef0257da2674964029087955fb052",
            "from": "git+https://github.com/skynode-integration/skynode-totaljs-graphics.git#master",
            "requires": {
                "skynode-totaljs-utils": "git+https://github.com/skynode-integration/skynode-totaljs-utils.git#master"
            }
        },
        "skynode-totaljs-utils": {
            "version": "git+https://github.com/skynode-integration/skynode-totaljs-utils.git#dadcf5438b55a78d3a698a20a74c28abaf808bc5",
            "from": "git+https://github.com/skynode-integration/skynode-totaljs-utils.git#master"
        }
    }
}
